version = 1
revision = 3
requires-python = ">=3.13"

[[package]]
name = "antlr4-python3-runtime"
version = "4.13.2"
source = { registry = "https://pypi.org/simple" }
sdist = { url = "https://files.pythonhosted.org/packages/33/5f/2cdf6f7aca3b20d3f316e9f505292e1f256a32089bd702034c29ebde6242/antlr4_python3_runtime-4.13.2.tar.gz", hash = "sha256:909b647e1d2fc2b70180ac586df3933e38919c85f98ccc656a96cd3f25ef3916", size = 117467, upload-time = "2024-08-03T19:00:12.757Z" }
wheels = [
    { url = "https://files.pythonhosted.org/packages/89/03/a851e84fcbb85214dc637b6378121ef9a0dd61b4c65264675d8a5c9b1ae7/antlr4_python3_runtime-4.13.2-py3-none-any.whl", hash = "sha256:fe3835eb8d33daece0e799090eda89719dbccee7aa39ef94eed3818cafa5a7e8", size = 144462, upload-time = "2024-08-03T19:00:11.134Z" },
]

[[package]]
name = "astroid"
version = "3.1.0"
source = { registry = "https://pypi.org/simple" }
sdist = { url = "https://files.pythonhosted.org/packages/a9/b9/f11533eed9b65606fb02f1b0994d8ed0903358bc55a6b9759e42f1134725/astroid-3.1.0.tar.gz", hash = "sha256:ac248253bfa4bd924a0de213707e7ebeeb3138abeb48d798784ead1e56d419d4", size = 396275, upload-time = "2024-02-23T16:28:12.889Z" }
wheels = [
    { url = "https://files.pythonhosted.org/packages/ed/1c/ee18acf9070f77253954b7d71b4c0cf8f5969fb23067d8f1a8793573ba00/astroid-3.1.0-py3-none-any.whl", hash = "sha256:951798f922990137ac090c53af473db7ab4e70c770e6d7fae0cec59f74411819", size = 275596, upload-time = "2024-02-23T16:28:09.946Z" },
]

[[package]]
name = "click"
version = "8.1.0"
source = { registry = "https://pypi.org/simple" }
dependencies = [
    { name = "colorama", marker = "sys_platform == 'win32'" },
]
sdist = { url = "https://files.pythonhosted.org/packages/45/2b/7ebad1e59a99207d417c0784f7fb67893465eef84b5b47c788324f1b4095/click-8.1.0.tar.gz", hash = "sha256:977c213473c7665d3aa092b41ff12063227751c41d7b17165013e10069cc5cd2", size = 329986, upload-time = "2022-03-28T17:37:50.944Z" }
wheels = [
    { url = "https://files.pythonhosted.org/packages/86/3e/3a523bdd24510288b1b850428e01172116a29268378b1da9a8d0b894a115/click-8.1.0-py3-none-any.whl", hash = "sha256:19a4baa64da924c5e0cd889aba8e947f280309f1a2ce0947a3e3a7bcb7cc72d6", size = 96400, upload-time = "2022-03-28T17:37:48.879Z" },
]

[[package]]
name = "colorama"
version = "0.4.6"
source = { registry = "https://pypi.org/simple" }
sdist = { url = "https://files.pythonhosted.org/packages/d8/53/6f443c9a4a8358a93a6792e2acffb9d9d5cb0a5cfd8802644b7b1c9a02e4/colorama-0.4.6.tar.gz", hash = "sha256:08695f5cb7ed6e0531a20572697297273c47b8cae5a63ffc6d6ed5c201be6e44", size = 27697, upload-time = "2022-10-25T02:36:22.414Z" }
wheels = [
    { url = "https://files.pythonhosted.org/packages/d1/d6/3965ed04c63042e047cb6a3e6ed1a63a35087b6a609aa3a15ed8ac56c221/colorama-0.4.6-py2.py3-none-any.whl", hash = "sha256:4f1d9991f5acc0ca119f9d443620b77f9d6b33703e51011c16baf57afb285fc6", size = 25335, upload-time = "2022-10-25T02:36:20.889Z" },
]

[[package]]
name = "coverage"
version = "7.13.5"
source = { registry = "https://pypi.org/simple" }
sdist = { url = "https://files.pythonhosted.org/packages/9d/e0/70553e3000e345daff267cec284ce4cbf3fc141b6da229ac52775b5428f1/coverage-7.13.5.tar.gz", hash = "sha256:c81f6515c4c40141f83f502b07bbfa5c240ba25bbe73da7b33f1e5b6120ff179", size = 915967, upload-time = "2026-03-17T10:33:18.341Z" }
wheels = [
    { url = "https://files.pythonhosted.org/packages/74/8c/74fedc9663dcf168b0a059d4ea756ecae4da77a489048f94b5f512a8d0b3/coverage-7.13.5-cp313-cp313-macosx_10_13_x86_64.whl", hash = "sha256:5ec4af212df513e399cf11610cc27063f1586419e814755ab362e50a85ea69c1", size = 219576, upload-time = "2026-03-17T10:31:09.045Z" },
    { url = "https://files.pythonhosted.org/packages/0c/c9/44fb661c55062f0818a6ffd2685c67aa30816200d5f2817543717d4b92eb/coverage-7.13.5-cp313-cp313-macosx_11_0_arm64.whl", hash = "sha256:941617e518602e2d64942c88ec8499f7fbd49d3f6c4327d3a71d43a1973032f3", size = 219942, upload-time = "2026-03-17T10:31:10.708Z" },
    { url = "https://files.pythonhosted.org/packages/5f/13/93419671cee82b780bab7ea96b67c8ef448f5f295f36bf5031154ec9a790/coverage-7.13.5-cp313-cp313-manylinux1_i686.manylinux_2_28_i686.manylinux_2_5_i686.whl", hash = "sha256:da305e9937617ee95c2e39d8ff9f040e0487cbf1ac174f777ed5eddd7a7c1f26", size = 250935, upload-time = "2026-03-17T10:31:12.392Z" },
    { url = "https://files.pythonhosted.org/packages/ac/68/1666e3a4462f8202d836920114fa7a5ee9275d1fa45366d336c551a162dd/coverage-7.13.5-cp313-cp313-manylinux1_x86_64.manylinux_2_28_x86_64.manylinux_2_5_x86_64.whl", hash = "sha256:78e696e1cc714e57e8b25760b33a8b1026b7048d270140d25dafe1b0a1ee05a3", size = 253541, upload-time = "2026-03-17T10:31:14.247Z" },
    { url = "https://files.pythonhosted.org/packages/4e/5e/3ee3b835647be646dcf3c65a7c6c18f87c27326a858f72ab22c12730773d/coverage-7.13.5-cp313-cp313-manylinux2014_aarch64.manylinux_2_17_aarch64.manylinux_2_28_aarch64.whl", hash = "sha256:02ca0eed225b2ff301c474aeeeae27d26e2537942aa0f87491d3e147e784a82b", size = 254780, upload-time = "2026-03-17T10:31:16.193Z" },
    { url = "https://files.pythonhosted.org/packages/44/b3/cb5bd1a04cfcc49ede6cd8409d80bee17661167686741e041abc7ee1b9a9/coverage-7.13.5-cp313-cp313-manylinux2014_ppc64le.manylinux_2_17_ppc64le.manylinux_2_28_ppc64le.whl", hash = "sha256:04690832cbea4e4663d9149e05dba142546ca05cb1848816760e7f58285c970a", size = 256912, upload-time = "2026-03-17T10:31:17.89Z" },
    { url = "https://files.pythonhosted.org/packages/1b/66/c1dceb7b9714473800b075f5c8a84f4588f887a90eb8645282031676e242/coverage-7.13.5-cp313-cp313-manylinux_2_31_riscv64.manylinux_2_39_riscv64.whl", hash = "sha256:0590e44dd2745c696a778f7bab6aa95256de2cbc8b8cff4f7db8ff09813d6969", size = 251165, upload-time = "2026-03-17T10:31:19.605Z" },
    { url = "https://files.pythonhosted.org/packages/b7/62/5502b73b97aa2e53ea22a39cf8649ff44827bef76d90bf638777daa27a9d/coverage-7.13.5-cp313-cp313-musllinux_1_2_aarch64.whl", hash = "sha256:d7cfad2d6d81dd298ab6b89fe72c3b7b05ec7544bdda3b707ddaecff8d25c161", size = 252908, upload-time = "2026-03-17T10:31:21.312Z" },
    { url = "https://files.pythonhosted.org/packages/7d/37/7792c2d69854397ca77a55c4646e5897c467928b0e27f2d235d83b5d08c6/coverage-7.13.5-cp313-cp313-musllinux_1_2_i686.whl", hash = "sha256:e092b9499de38ae0fbfbc603a74660eb6ff3e869e507b50d85a13b6db9863e15", size = 250873, upload-time = "2026-03-17T10:31:23.565Z" },
    { url = "https://files.pythonhosted.org/packages/a3/23/bc866fb6163be52a8a9e5d708ba0d3b1283c12158cefca0a8bbb6e247a43/coverage-7.13.5-cp313-cp313-musllinux_1_2_ppc64le.whl", hash = "sha256:48c39bc4a04d983a54a705a6389512883d4a3b9862991b3617d547940e9f52b1", size = 255030, upload-time = "2026-03-17T10:31:25.58Z" },
    { url = "https://files.pythonhosted.org/packages/7d/8b/ef67e1c222ef49860701d346b8bbb70881bef283bd5f6cbba68a39a086c7/coverage-7.13.5-cp313-cp313-musllinux_1_2_riscv64.whl", hash = "sha256:2d3807015f138ffea1ed9afeeb8624fd781703f2858b62a8dd8da5a0994c57b6", size = 250694, upload-time = "2026-03-17T10:31:27.316Z" },
    { url = "https://files.pythonhosted.org/packages/46/0d/866d1f74f0acddbb906db212e096dee77a8e2158ca5e6bb44729f9d93298/coverage-7.13.5-cp313-cp313-musllinux_1_2_x86_64.whl", hash = "sha256:ee2aa19e03161671ec964004fb74b2257805d9710bf14a5c704558b9d8dbaf17", size = 252469, upload-time = "2026-03-17T10:31:29.472Z" },
    { url = "https://files.pythonhosted.org/packages/7a/f5/be742fec31118f02ce42b21c6af187ad6a344fed546b56ca60caacc6a9a0/coverage-7.13.5-cp313-cp313-win32.whl", hash = "sha256:ce1998c0483007608c8382f4ff50164bfc5bd07a2246dd272aa4043b75e61e85", size = 222112, upload-time = "2026-03-17T10:31:31.526Z" },
    { url = "https://files.pythonhosted.org/packages/66/40/7732d648ab9d069a46e686043241f01206348e2bbf128daea85be4d6414b/coverage-7.13.5-cp313-cp313-win_amd64.whl", hash = "sha256:631efb83f01569670a5e866ceb80fe483e7c159fac6f167e6571522636104a0b", size = 222923, upload-time = "2026-03-17T10:31:33.633Z" },
    { url = "https://files.pythonhosted.org/packages/48/af/fea819c12a095781f6ccd504890aaddaf88b8fab263c4940e82c7b770124/coverage-7.13.5-cp313-cp313-win_arm64.whl", hash = "sha256:f4cd16206ad171cbc2470dbea9103cf9a7607d5fe8c242fdf1edf36174020664", size = 221540, upload-time = "2026-03-17T10:31:35.445Z" },
    { url = "https://files.pythonhosted.org/packages/23/d2/17879af479df7fbbd44bd528a31692a48f6b25055d16482fdf5cdb633805/coverage-7.13.5-cp313-cp313t-macosx_10_13_x86_64.whl", hash = "sha256:0428cbef5783ad91fe240f673cc1f76b25e74bbfe1a13115e4aa30d3f538162d", size = 220262, upload-time = "2026-03-17T10:31:37.184Z" },
    { url = "https://files.pythonhosted.org/packages/5b/4c/d20e554f988c8f91d6a02c5118f9abbbf73a8768a3048cb4962230d5743f/coverage-7.13.5-cp313-cp313t-macosx_11_0_arm64.whl", hash = "sha256:e0b216a19534b2427cc201a26c25da4a48633f29a487c61258643e89d28200c0", size = 220617, upload-time = "2026-03-17T10:31:39.245Z" },
    { url = "https://files.pythonhosted.org/packages/29/9c/f9f5277b95184f764b24e7231e166dfdb5780a46d408a2ac665969416d61/coverage-7.13.5-cp313-cp313t-manylinux1_i686.manylinux_2_28_i686.manylinux_2_5_i686.whl", hash = "sha256:972a9cd27894afe4bc2b1480107054e062df08e671df7c2f18c205e805ccd806", size = 261912, upload-time = "2026-03-17T10:31:41.324Z" },
    { url = "https://files.pythonhosted.org/packages/d5/f6/7f1ab39393eeb50cfe4747ae8ef0e4fc564b989225aa1152e13a180d74f8/coverage-7.13.5-cp313-cp313t-manylinux1_x86_64.manylinux_2_28_x86_64.manylinux_2_5_x86_64.whl", hash = "sha256:4b59148601efcd2bac8c4dbf1f0ad6391693ccf7a74b8205781751637076aee3", size = 263987, upload-time = "2026-03-17T10:31:43.724Z" },
    { url = "https://files.pythonhosted.org/packages/a0/d7/62c084fb489ed9c6fbdf57e006752e7c516ea46fd690e5ed8b8617c7d52e/coverage-7.13.5-cp313-cp313t-manylinux2014_aarch64.manylinux_2_17_aarch64.manylinux_2_28_aarch64.whl", hash = "sha256:505d7083c8b0c87a8fa8c07370c285847c1f77739b22e299ad75a6af6c32c5c9", size = 266416, upload-time = "2026-03-17T10:31:45.769Z" },
    { url = "https://files.pythonhosted.org/packages/a9/f6/df63d8660e1a0bff6125947afda112a0502736f470d62ca68b288ea762d8/coverage-7.13.5-cp313-cp313t-manylinux2014_ppc64le.manylinux_2_17_ppc64le.manylinux_2_28_ppc64le.whl", hash = "sha256:60365289c3741e4db327e7baff2a4aaacf22f788e80fa4683393891b70a89fbd", size = 267558, upload-time = "2026-03-17T10:31:48.293Z" },
    { url = "https://files.pythonhosted.org/packages/5b/02/353ca81d36779bd108f6d384425f7139ac3c58c750dcfaafe5d0bee6436b/coverage-7.13.5-cp313-cp313t-manylinux_2_31_riscv64.manylinux_2_39_riscv64.whl", hash = "sha256:1b88c69c8ef5d4b6fe7dea66d6636056a0f6a7527c440e890cf9259011f5e606", size = 261163, upload-time = "2026-03-17T10:31:50.125Z" },
    { url = "https://files.pythonhosted.org/packages/2c/16/2e79106d5749bcaf3aee6d309123548e3276517cd7851faa8da213bc61bf/coverage-7.13.5-cp313-cp313t-musllinux_1_2_aarch64.whl", hash = "sha256:5b13955d31d1633cf9376908089b7cebe7d15ddad7aeaabcbe969a595a97e95e", size = 263981, upload-time = "2026-03-17T10:31:51.961Z" },
    { url = "https://files.pythonhosted.org/packages/29/c7/c29e0c59ffa6942030ae6f50b88ae49988e7e8da06de7ecdbf49c6d4feae/coverage-7.13.5-cp313-cp313t-musllinux_1_2_i686.whl", hash = "sha256:f70c9ab2595c56f81a89620e22899eea8b212a4041bd728ac6f4a28bf5d3ddd0", size = 261604, upload-time = "2026-03-17T10:31:53.872Z" },
    { url = "https://files.pythonhosted.org/packages/40/48/097cdc3db342f34006a308ab41c3a7c11c3f0d84750d340f45d88a782e00/coverage-7.13.5-cp313-cp313t-musllinux_1_2_ppc64le.whl", hash = "sha256:084b84a8c63e8d6fc7e3931b316a9bcafca1458d753c539db82d31ed20091a87", size = 265321, upload-time = "2026-03-17T10:31:55.997Z" },
    { url = "https://files.pythonhosted.org/packages/bb/1f/4994af354689e14fd03a75f8ec85a9a68d94e0188bbdab3fc1516b55e512/coverage-7.13.5-cp313-cp313t-musllinux_1_2_riscv64.whl", hash = "sha256:ad14385487393e386e2ea988b09d62dd42c397662ac2dabc3832d71253eee479", size = 260502, upload-time = "2026-03-17T10:31:58.308Z" },
    { url = "https://files.pythonhosted.org/packages/22/c6/9bb9ef55903e628033560885f5c31aa227e46878118b63ab15dc7ba87797/coverage-7.13.5-cp313-cp313t-musllinux_1_2_x86_64.whl", hash = "sha256:7f2c47b36fe7709a6e83bfadf4eefb90bd25fbe4014d715224c4316f808e59a2", size = 262688, upload-time = "2026-03-17T10:32:00.141Z" },
    { url = "https://files.pythonhosted.org/packages/14/4f/f5df9007e50b15e53e01edea486814783a7f019893733d9e4d6caad75557/coverage-7.13.5-cp313-cp313t-win32.whl", hash = "sha256:67e9bc5449801fad0e5dff329499fb090ba4c5800b86805c80617b4e29809b2a", size = 222788, upload-time = "2026-03-17T10:32:02.246Z" },
    { url = "https://files.pythonhosted.org/packages/e1/98/aa7fccaa97d0f3192bec013c4e6fd6d294a6ed44b640e6bb61f479e00ed5/coverage-7.13.5-cp313-cp313t-win_amd64.whl", hash = "sha256:da86cdcf10d2519e10cabb8ac2de03da1bcb6e4853790b7fbd48523332e3a819", size = 223851, upload-time = "2026-03-17T10:32:04.416Z" },
    { url = "https://files.pythonhosted.org/packages/3d/8b/e5c469f7352651e5f013198e9e21f97510b23de957dd06a84071683b4b60/coverage-7.13.5-cp313-cp313t-win_arm64.whl", hash = "sha256:0ecf12ecb326fe2c339d93fc131816f3a7367d223db37817208905c89bded911", size = 222104, upload-time = "2026-03-17T10:32:06.65Z" },
    { url = "https://files.pythonhosted.org/packages/8e/77/39703f0d1d4b478bfd30191d3c14f53caf596fac00efb3f8f6ee23646439/coverage-7.13.5-cp314-cp314-macosx_10_15_x86_64.whl", hash = "sha256:fbabfaceaeb587e16f7008f7795cd80d20ec548dc7f94fbb0d4ec2e038ce563f", size = 219621, upload-time = "2026-03-17T10:32:08.589Z" },
    { url = "https://files.pythonhosted.org/packages/e2/3e/51dff36d99ae14639a133d9b164d63e628532e2974d8b1edb99dd1ebc733/coverage-7.13.5-cp314-cp314-macosx_11_0_arm64.whl", hash = "sha256:9bb2a28101a443669a423b665939381084412b81c3f8c0fcfbac57f4e30b5b8e", size = 219953, upload-time = "2026-03-17T10:32:10.507Z" },
    { url = "https://files.pythonhosted.org/packages/6a/6c/1f1917b01eb647c2f2adc9962bd66c79eb978951cab61bdc1acab3290c07/coverage-7.13.5-cp314-cp314-manylinux1_i686.manylinux_2_28_i686.manylinux_2_5_i686.whl", hash = "sha256:bd3a2fbc1c6cccb3c5106140d87cc6a8715110373ef42b63cf5aea29df8c217a", size = 250992, upload-time = "2026-03-17T10:32:12.41Z" },
    { url = "https://files.pythonhosted.org/packages/22/e5/06b1f88f42a5a99df42ce61208bdec3bddb3d261412874280a19796fc09c/coverage-7.13.5-cp314-cp314-manylinux1_x86_64.manylinux_2_28_x86_64.manylinux_2_5_x86_64.whl", hash = "sha256:6c36ddb64ed9d7e496028d1d00dfec3e428e0aabf4006583bb1839958d280510", size = 253503, upload-time = "2026-03-17T10:32:14.449Z" },
    { url = "https://files.pythonhosted.org/packages/80/28/2a148a51e5907e504fa7b85490277734e6771d8844ebcc48764a15e28155/coverage-7.13.5-cp314-cp314-manylinux2014_aarch64.manylinux_2_17_aarch64.manylinux_2_28_aarch64.whl", hash = "sha256:380e8e9084d8eb38db3a9176a1a4f3c0082c3806fa0dc882d1d87abc3c789247", size = 254852, upload-time = "2026-03-17T10:32:16.56Z" },
    { url = "https://files.pythonhosted.org/packages/61/77/50e8d3d85cc0b7ebe09f30f151d670e302c7ff4a1bf6243f71dd8b0981fa/coverage-7.13.5-cp314-cp314-manylinux2014_ppc64le.manylinux_2_17_ppc64le.manylinux_2_28_ppc64le.whl", hash = "sha256:e808af52a0513762df4d945ea164a24b37f2f518cbe97e03deaa0ee66139b4d6", size = 257161, upload-time = "2026-03-17T10:32:19.004Z" },
    { url = "https://files.pythonhosted.org/packages/3b/c4/b5fd1d4b7bf8d0e75d997afd3925c59ba629fc8616f1b3aae7605132e256/coverage-7.13.5-cp314-cp314-manylinux_2_31_riscv64.manylinux_2_39_riscv64.whl", hash = "sha256:e301d30dd7e95ae068671d746ba8c34e945a82682e62918e41b2679acd2051a0", size = 251021, upload-time = "2026-03-17T10:32:21.344Z" },
    { url = "https://files.pythonhosted.org/packages/f8/66/6ea21f910e92d69ef0b1c3346ea5922a51bad4446c9126db2ae96ee24c4c/coverage-7.13.5-cp314-cp314-musllinux_1_2_aarch64.whl", hash = "sha256:800bc829053c80d240a687ceeb927a94fd108bbdc68dfbe505d0d75ab578a882", size = 252858, upload-time = "2026-03-17T10:32:23.506Z" },
    { url = "https://files.pythonhosted.org/packages/9e/ea/879c83cb5d61aa2a35fb80e72715e92672daef8191b84911a643f533840c/coverage-7.13.5-cp314-cp314-musllinux_1_2_i686.whl", hash = "sha256:0b67af5492adb31940ee418a5a655c28e48165da5afab8c7fa6fd72a142f8740", size = 250823, upload-time = "2026-03-17T10:32:25.516Z" },
    { url = "https://files.pythonhosted.org/packages/8a/fb/616d95d3adb88b9803b275580bdeee8bd1b69a886d057652521f83d7322f/coverage-7.13.5-cp314-cp314-musllinux_1_2_ppc64le.whl", hash = "sha256:c9136ff29c3a91e25b1d1552b5308e53a1e0653a23e53b6366d7c2dcbbaf8a16", size = 255099, upload-time = "2026-03-17T10:32:27.944Z" },
    { url = "https://files.pythonhosted.org/packages/1c/93/25e6917c90ec1c9a56b0b26f6cad6408e5f13bb6b35d484a0d75c9cf000d/coverage-7.13.5-cp314-cp314-musllinux_1_2_riscv64.whl", hash = "sha256:cff784eef7f0b8f6cb28804fbddcfa99f89efe4cc35fb5627e3ac58f91ed3ac0", size = 250638, upload-time = "2026-03-17T10:32:29.914Z" },
    { url = "https://files.pythonhosted.org/packages/fc/7b/dc1776b0464145a929deed214aef9fb1493f159b59ff3c7eeeedf91eddd0/coverage-7.13.5-cp314-cp314-musllinux_1_2_x86_64.whl", hash = "sha256:68a4953be99b17ac3c23b6efbc8a38330d99680c9458927491d18700ef23ded0", size = 252295, upload-time = "2026-03-17T10:32:31.981Z" },
    { url = "https://files.pythonhosted.org/packages/ea/fb/99cbbc56a26e07762a2740713f3c8f9f3f3106e3a3dd8cc4474954bccd34/coverage-7.13.5-cp314-cp314-win32.whl", hash = "sha256:35a31f2b1578185fbe6aa2e74cea1b1d0bbf4c552774247d9160d29b80ed56cc", size = 222360, upload-time = "2026-03-17T10:32:34.233Z" },
    { url = "https://files.pythonhosted.org/packages/8d/b7/4758d4f73fb536347cc5e4ad63662f9d60ba9118cb6785e9616b2ce5d7fa/coverage-7.13.5-cp314-cp314-win_amd64.whl", hash = "sha256:2aa055ae1857258f9e0045be26a6d62bdb47a72448b62d7b55f4820f361a2633", size = 223174, upload-time = "2026-03-17T10:32:36.369Z" },
    { url = "https://files.pythonhosted.org/packages/2c/f2/24d84e1dfe70f8ac9fdf30d338239860d0d1d5da0bda528959d0ebc9da28/coverage-7.13.5-cp314-cp314-win_arm64.whl", hash = "sha256:1b11eef33edeae9d142f9b4358edb76273b3bfd30bc3df9a4f95d0e49caf94e8", size = 221739, upload-time = "2026-03-17T10:32:38.736Z" },
    { url = "https://files.pythonhosted.org/packages/60/5b/4a168591057b3668c2428bff25dd3ebc21b629d666d90bcdfa0217940e84/coverage-7.13.5-cp314-cp314t-macosx_10_15_x86_64.whl", hash = "sha256:10a0c37f0b646eaff7cce1874c31d1f1ccb297688d4c747291f4f4c70741cc8b", size = 220351, upload-time = "2026-03-17T10:32:41.196Z" },
    { url = "https://files.pythonhosted.org/packages/f5/21/1fd5c4dbfe4a58b6b99649125635df46decdfd4a784c3cd6d410d303e370/coverage-7.13.5-cp314-cp314t-macosx_11_0_arm64.whl", hash = "sha256:b5db73ba3c41c7008037fa731ad5459fc3944cb7452fc0aa9f822ad3533c583c", size = 220612, upload-time = "2026-03-17T10:32:43.204Z" },
    { url = "https://files.pythonhosted.org/packages/d6/fe/2a924b3055a5e7e4512655a9d4609781b0d62334fa0140c3e742926834e2/coverage-7.13.5-cp314-cp314t-manylinux1_i686.manylinux_2_28_i686.manylinux_2_5_i686.whl", hash = "sha256:750db93a81e3e5a9831b534be7b1229df848b2e125a604fe6651e48aa070e5f9", size = 261985, upload-time = "2026-03-17T10:32:45.514Z" },
    { url = "https://files.pythonhosted.org/packages/d7/0d/c8928f2bd518c45990fe1a2ab8db42e914ef9b726c975facc4282578c3eb/coverage-7.13.5-cp314-cp314t-manylinux1_x86_64.manylinux_2_28_x86_64.manylinux_2_5_x86_64.whl", hash = "sha256:9ddb4f4a5479f2539644be484da179b653273bca1a323947d48ab107b3ed1f29", size = 264107, upload-time = "2026-03-17T10:32:47.971Z" },
    { url = "https://files.pythonhosted.org/packages/ef/ae/4ae35bbd9a0af9d820362751f0766582833c211224b38665c0f8de3d487f/coverage-7.13.5-cp314-cp314t-manylinux2014_aarch64.manylinux_2_17_aarch64.manylinux_2_28_aarch64.whl", hash = "sha256:d8a7a2049c14f413163e2bdabd37e41179b1d1ccb10ffc6ccc4b7a718429c607", size = 266513, upload-time = "2026-03-17T10:32:50.1Z" },
    { url = "https://files.pythonhosted.org/packages/9c/20/d326174c55af36f74eac6ae781612d9492f060ce8244b570bb9d50d9d609/coverage-7.13.5-cp314-cp314t-manylinux2014_ppc64le.manylinux_2_17_ppc64le.manylinux_2_28_ppc64le.whl", hash = "sha256:e1c85e0b6c05c592ea6d8768a66a254bfb3874b53774b12d4c89c481eb78cb90", size = 267650, upload-time = "2026-03-17T10:32:52.391Z" },
    { url = "https://files.pythonhosted.org/packages/7a/5e/31484d62cbd0eabd3412e30d74386ece4a0837d4f6c3040a653878bfc019/coverage-7.13.5-cp314-cp314t-manylinux_2_31_riscv64.manylinux_2_39_riscv64.whl", hash = "sha256:777c4d1eff1b67876139d24288aaf1817f6c03d6bae9c5cc8d27b83bcfe38fe3", size = 261089, upload-time = "2026-03-17T10:32:54.544Z" },
    { url = "https://files.pythonhosted.org/packages/e9/d8/49a72d6de146eebb0b7e48cc0f4bc2c0dd858e3d4790ab2b39a2872b62bd/coverage-7.13.5-cp314-cp314t-musllinux_1_2_aarch64.whl", hash = "sha256:6697e29b93707167687543480a40f0db8f356e86d9f67ddf2e37e2dfd91a9dab", size = 263982, upload-time = "2026-03-17T10:32:56.803Z" },
    { url = "https://files.pythonhosted.org/packages/06/3b/0351f1bd566e6e4dd39e978efe7958bde1d32f879e85589de147654f57bb/coverage-7.13.5-cp314-cp314t-musllinux_1_2_i686.whl", hash = "sha256:8fdf453a942c3e4d99bd80088141c4c6960bb232c409d9c3558e2dbaa3998562", size = 261579, upload-time = "2026-03-17T10:32:59.466Z" },
    { url = "https://files.pythonhosted.org/packages/5d/ce/796a2a2f4017f554d7810f5c573449b35b1e46788424a548d4d19201b222/coverage-7.13.5-cp314-cp314t-musllinux_1_2_ppc64le.whl", hash = "sha256:32ca0c0114c9834a43f045a87dcebd69d108d8ffb666957ea65aa132f50332e2", size = 265316, upload-time = "2026-03-17T10:33:01.847Z" },
    { url = "https://files.pythonhosted.org/packages/3d/16/d5ae91455541d1a78bc90abf495be600588aff8f6db5c8b0dae739fa39c9/coverage-7.13.5-cp314-cp314t-musllinux_1_2_riscv64.whl", hash = "sha256:8769751c10f339021e2638cd354e13adeac54004d1941119b2c96fe5276d45ea", size = 260427, upload-time = "2026-03-17T10:33:03.945Z" },
    { url = "https://files.pythonhosted.org/packages/48/11/07f413dba62db21fb3fad5d0de013a50e073cc4e2dc4306e770360f6dfc8/coverage-7.13.5-cp314-cp314t-musllinux_1_2_x86_64.whl", hash = "sha256:cec2d83125531bd153175354055cdb7a09987af08a9430bd173c937c6d0fba2a", size = 262745, upload-time = "2026-03-17T10:33:06.285Z" },
    { url = "https://files.pythonhosted.org/packages/91/15/d792371332eb4663115becf4bad47e047d16234b1aff687b1b18c58d60ae/coverage-7.13.5-cp314-cp314t-win32.whl", hash = "sha256:0cd9ed7a8b181775459296e402ca4fb27db1279740a24e93b3b41942ebe4b215", size = 223146, upload-time = "2026-03-17T10:33:08.756Z" },
    { url = "https://files.pythonhosted.org/packages/db/51/37221f59a111dca5e85be7dbf09696323b5b9f13ff65e0641d535ed06ea8/coverage-7.13.5-cp314-cp314t-win_amd64.whl", hash = "sha256:301e3b7dfefecaca37c9f1aa6f0049b7d4ab8dd933742b607765d757aca77d43", size = 224254, upload-time = "2026-03-17T10:33:11.174Z" },
    { url = "https://files.pythonhosted.org/packages/54/83/6acacc889de8987441aa7d5adfbdbf33d288dad28704a67e574f1df9bcbb/coverage-7.13.5-cp314-cp314t-win_arm64.whl", hash = "sha256:9dacc2ad679b292709e0f5fc1ac74a6d4d5562e424058962c7bb0c658ad25e45", size = 222276, upload-time = "2026-03-17T10:33:13.466Z" },
    { url = "https://files.pythonhosted.org/packages/9e/ee/a4cf96b8ce1e566ed238f0659ac2d3f007ed1d14b181bcb684e19561a69a/coverage-7.13.5-py3-none-any.whl", hash = "sha256:34b02417cf070e173989b3db962f7ed56d2f644307b2cf9d5a0f258e13084a61", size = 211346, upload-time = "2026-03-17T10:33:15.691Z" },
]

[[package]]
name = "dill"
version = "0.4.1"
source = { registry = "https://pypi.org/simple" }
sdist = { url = "https://files.pythonhosted.org/packages/81/e1/56027a71e31b02ddc53c7d65b01e68edf64dea2932122fe7746a516f75d5/dill-0.4.1.tar.gz", hash = "sha256:423092df4182177d4d8ba8290c8a5b640c66ab35ec7da59ccfa00f6fa3eea5fa", size = 187315, upload-time = "2026-01-19T02:36:56.85Z" }
wheels = [
    { url = "https://files.pythonhosted.org/packages/1e/77/dc8c558f7593132cf8fefec57c4f60c83b16941c574ac5f619abb3ae7933/dill-0.4.1-py3-none-any.whl", hash = "sha256:1e1ce33e978ae97fcfcff5638477032b801c46c7c65cf717f95fbc2248f79a9d", size = 120019, upload-time = "2026-01-19T02:36:55.663Z" },
]

[[package]]
name = "execnet"
version = "2.1.2"
source = { registry = "https://pypi.org/simple" }
sdist = { url = "https://files.pythonhosted.org/packages/bf/89/780e11f9588d9e7128a3f87788354c7946a9cbb1401ad38a48c4db9a4f07/execnet-2.1.2.tar.gz", hash = "sha256:63d83bfdd9a23e35b9c6a3261412324f964c2ec8dcd8d3c6916ee9373e0befcd", size = 166622, upload-time = "2025-11-12T09:56:37.75Z" }
wheels = [
    { url = "https://files.pythonhosted.org/packages/ab/84/02fc1827e8cdded4aa65baef11296a9bbe595c474f0d6d758af082d849fd/execnet-2.1.2-py3-none-any.whl", hash = "sha256:67fba928dd5a544b783f6056f449e5e3931a5c378b128bc18501f7ea79e296ec", size = 40708, upload-time = "2025-11-12T09:56:36.333Z" },
]

[[package]]
name = "iniconfig"
version = "2.3.0"
source = { registry = "https://pypi.org/simple" }
sdist = { url = "https://files.pythonhosted.org/packages/72/34/14ca021ce8e5dfedc35312d08ba8bf51fdd999c576889fc2c24cb97f4f10/iniconfig-2.3.0.tar.gz", hash = "sha256:c76315c77db068650d49c5b56314774a7804df16fee4402c1f19d6d15d8c4730", size = 20503, upload-time = "2025-10-18T21:55:43.219Z" }
wheels = [
    { url = "https://files.pythonhosted.org/packages/cb/b1/3846dd7f199d53cb17f49cba7e651e9ce294d8497c8c150530ed11865bb8/iniconfig-2.3.0-py3-none-any.whl", hash = "sha256:f631c04d2c48c52b84d0d0549c99ff3859c98df65b3101406327ecc7d53fbf12", size = 7484, upload-time = "2025-10-18T21:55:41.639Z" },
]

[[package]]
name = "isort"
version = "5.13.2"
source = { registry = "https://pypi.org/simple" }
sdist = { url = "https://files.pythonhosted.org/packages/87/f9/c1eb8635a24e87ade2efce21e3ce8cd6b8630bb685ddc9cdaca1349b2eb5/isort-5.13.2.tar.gz", hash = "sha256:48fdfcb9face5d58a4f6dde2e72a1fb8dcaf8ab26f95ab49fab84c2ddefb0109", size = 175303, upload-time = "2023-12-13T20:37:26.124Z" }
wheels = [
    { url = "https://files.pythonhosted.org/packages/d1/b3/8def84f539e7d2289a02f0524b944b15d7c75dab7628bedf1c4f0992029c/isort-5.13.2-py3-none-any.whl", hash = "sha256:8ca5e72a8d85860d5a3fa69b8745237f2939afe12dbf656afbcb47fe72d947a6", size = 92310, upload-time = "2023-12-13T20:37:23.244Z" },
]

[[package]]
name = "mccabe"
version = "0.7.0"
source = { registry = "https://pypi.org/simple" }
sdist = { url = "https://files.pythonhosted.org/packages/e7/ff/0ffefdcac38932a54d2b5eed4e0ba8a408f215002cd178ad1df0f2806ff8/mccabe-0.7.0.tar.gz", hash = "sha256:348e0240c33b60bbdf4e523192ef919f28cb2c3d7d5c7794f74009290f236325", size = 9658, upload-time = "2022-01-24T01:14:51.113Z" }
wheels = [
    { url = "https://files.pythonhosted.org/packages/27/1a/1f68f9ba0c207934b35b86a8ca3aad8395a3d6dd7921c0686e23853ff5a9/mccabe-0.7.0-py2.py3-none-any.whl", hash = "sha256:6c2d30ab6be0e4a46919781807b4f0d834ebdd6c6e3dca0bda5a15f863427b6e", size = 7350, upload-time = "2022-01-24T01:14:49.62Z" },
]

[[package]]
name = "mock"
version = "5.1.0"
source = { registry = "https://pypi.org/simple" }
sdist = { url = "https://files.pythonhosted.org/packages/66/ab/41d09a46985ead5839d8be987acda54b5bb93f713b3969cc0be4f81c455b/mock-5.1.0.tar.gz", hash = "sha256:5e96aad5ccda4718e0a229ed94b2024df75cc2d55575ba5762d31f5767b8767d", size = 80232, upload-time = "2023-07-11T13:35:03.936Z" }
wheels = [
    { url = "https://files.pythonhosted.org/packages/6b/20/471f41173930550f279ccb65596a5ac19b9ac974a8d93679bcd3e0c31498/mock-5.1.0-py3-none-any.whl", hash = "sha256:18c694e5ae8a208cdb3d2c20a993ca1a7b0efa258c247a1e565150f477f83744", size = 30938, upload-time = "2023-07-11T13:35:02.101Z" },
]

[[package]]
name = "packaging"
version = "26.0"
source = { registry = "https://pypi.org/simple" }
sdist = { url = "https://files.pythonhosted.org/packages/65/ee/299d360cdc32edc7d2cf530f3accf79c4fca01e96ffc950d8a52213bd8e4/packaging-26.0.tar.gz", hash = "sha256:00243ae351a257117b6a241061796684b084ed1c516a08c48a3f7e147a9d80b4", size = 143416, upload-time = "2026-01-21T20:50:39.064Z" }
wheels = [
    { url = "https://files.pythonhosted.org/packages/b7/b9/c538f279a4e237a006a2c98387d081e9eb060d203d8ed34467cc0f0b9b53/packaging-26.0-py3-none-any.whl", hash = "sha256:b36f1fef9334a5588b4166f8bcd26a14e521f2b55e6b9de3aaa80d3ff7a37529", size = 74366, upload-time = "2026-01-21T20:50:37.788Z" },
]

[[package]]
name = "platformdirs"
version = "4.9.4"
source = { registry = "https://pypi.org/simple" }
sdist = { url = "https://files.pythonhosted.org/packages/19/56/8d4c30c8a1d07013911a8fdbd8f89440ef9f08d07a1b50ab8ca8be5a20f9/platformdirs-4.9.4.tar.gz", hash = "sha256:1ec356301b7dc906d83f371c8f487070e99d3ccf9e501686456394622a01a934", size = 28737, upload-time = "2026-03-05T18:34:13.271Z" }
wheels = [
    { url = "https://files.pythonhosted.org/packages/63/d7/97f7e3a6abb67d8080dd406fd4df842c2be0efaf712d1c899c32a075027c/platformdirs-4.9.4-py3-none-any.whl", hash = "sha256:68a9a4619a666ea6439f2ff250c12a853cd1cbd5158d258bd824a7df6be2f868", size = 21216, upload-time = "2026-03-05T18:34:12.172Z" },
]

[[package]]
name = "plotly"
version = "5.23.0"
source = { registry = "https://pypi.org/simple" }
dependencies = [
    { name = "packaging" },
    { name = "tenacity" },
]
sdist = { url = "https://files.pythonhosted.org/packages/db/9e/31b2f0b8f2357cd5f3e992c76c3e4e85a5cbbad8b8c5f23d0684e3f4c608/plotly-5.23.0.tar.gz", hash = "sha256:89e57d003a116303a34de6700862391367dd564222ab71f8531df70279fc0193", size = 8553751, upload-time = "2024-07-23T13:40:49.627Z" }
wheels = [
    { url = "https://files.pythonhosted.org/packages/b8/f0/bcf716a8e070370d6598c92fcd328bd9ef8a9bda2c5562da5a835c66700b/plotly-5.23.0-py3-none-any.whl", hash = "sha256:76cbe78f75eddc10c56f5a4ee3e7ccaade7c0a57465546f02098c0caed6c2d1a", size = 17326571, upload-time = "2024-07-23T13:40:43.02Z" },
]

[[package]]
name = "pluggy"
version = "1.6.0"
source = { registry = "https://pypi.org/simple" }
sdist = { url = "https://files.pythonhosted.org/packages/f9/e2/3e91f31a7d2b083fe6ef3fa267035b518369d9511ffab804f839851d2779/pluggy-1.6.0.tar.gz", hash = "sha256:7dcc130b76258d33b90f61b658791dede3486c3e6bfb003ee5c9bfb396dd22f3", size = 69412, upload-time = "2025-05-15T12:30:07.975Z" }
wheels = [
    { url = "https://files.pythonhosted.org/packages/54/20/4d324d65cc6d9205fabedc306948156824eb9f0ee1633355a8f7ec5c66bf/pluggy-1.6.0-py3-none-any.whl", hash = "sha256:e920276dd6813095e9377c0bc5566d94c932c33b27a3e3945d8389c374dd4746", size = 20538, upload-time = "2025-05-15T12:30:06.134Z" },
]

[[package]]
name = "pylint"
version = "3.1.0"
source = { registry = "https://pypi.org/simple" }
dependencies = [
    { name = "astroid" },
    { name = "colorama", marker = "sys_platform == 'win32'" },
    { name = "dill" },
    { name = "isort" },
    { name = "mccabe" },
    { name = "platformdirs" },
    { name = "tomlkit" },
]
sdist = { url = "https://files.pythonhosted.org/packages/35/1c/4a8135f77a4ec8c0a6dc1d4543dd6fee55b36bb8bf629e2bcce8a94763a9/pylint-3.1.0.tar.gz", hash = "sha256:6a69beb4a6f63debebaab0a3477ecd0f559aa726af4954fc948c51f7a2549e23", size = 1494465, upload-time = "2024-02-25T16:48:30.783Z" }
wheels = [
    { url = "https://files.pythonhosted.org/packages/4d/2b/dfcf298607c73c3af47d5a699c3bd84ba580f1b8642a53ba2a53eead7c49/pylint-3.1.0-py3-none-any.whl", hash = "sha256:507a5b60953874766d8a366e8e8c7af63e058b26345cfcb5f91f89d987fd6b74", size = 515613, upload-time = "2024-02-25T16:48:26.96Z" },
]

[[package]]
name = "pytest"
version = "8.1.1"
source = { registry = "https://pypi.org/simple" }
dependencies = [
    { name = "colorama", marker = "sys_platform == 'win32'" },
    { name = "iniconfig" },
    { name = "packaging" },
    { name = "pluggy" },
]
sdist = { url = "https://files.pythonhosted.org/packages/30/b7/7d44bbc04c531dcc753056920e0988032e5871ac674b5a84cb979de6e7af/pytest-8.1.1.tar.gz", hash = "sha256:ac978141a75948948817d360297b7aae0fcb9d6ff6bc9ec6d514b85d5a65c044", size = 1409703, upload-time = "2024-03-09T11:51:08.012Z" }
wheels = [
    { url = "https://files.pythonhosted.org/packages/4d/7e/c79cecfdb6aa85c6c2e3cf63afc56d0f165f24f5c66c03c695c4d9b84756/pytest-8.1.1-py3-none-any.whl", hash = "sha256:2a8386cfc11fa9d2c50ee7b2a57e7d898ef90470a7a34c4b949ff59662bb78b7", size = 337359, upload-time = "2024-03-09T11:51:04.858Z" },
]

[[package]]
name = "pytest-cov"
version = "4.1.0"
source = { registry = "https://pypi.org/simple" }
dependencies = [
    { name = "coverage" },
    { name = "pytest" },
]
sdist = { url = "https://files.pythonhosted.org/packages/7a/15/da3df99fd551507694a9b01f512a2f6cf1254f33601605843c3775f39460/pytest-cov-4.1.0.tar.gz", hash = "sha256:3904b13dfbfec47f003b8e77fd5b589cd11904a21ddf1ab38a64f204d6a10ef6", size = 63245, upload-time = "2023-05-24T18:44:56.845Z" }
wheels = [
    { url = "https://files.pythonhosted.org/packages/a7/4b/8b78d126e275efa2379b1c2e09dc52cf70df16fc3b90613ef82531499d73/pytest_cov-4.1.0-py3-none-any.whl", hash = "sha256:6ba70b9e97e69fcc3fb45bfeab2d0a138fb65c4d0d6a41ef33983ad114be8c3a", size = 21949, upload-time = "2023-05-24T18:44:54.079Z" },
]

[[package]]
name = "pytest-isort"
version = "4.0.0"
source = { registry = "https://pypi.org/simple" }
dependencies = [
    { name = "isort" },
    { name = "pytest" },
]
sdist = { url = "https://files.pythonhosted.org/packages/69/f0/024f4a2ee0b4799a720f352dd7ef9a99077b48bd2c050ff2b08c14feb41d/pytest_isort-4.0.0.tar.gz", hash = "sha256:00e99642e282b00b849cf9b49d9102a02ab8c4ec549ace57d7868b723713aaa9", size = 5597, upload-time = "2024-03-05T08:44:37.443Z" }
wheels = [
    { url = "https://files.pythonhosted.org/packages/f1/a6/848a7bdec751e5648e7200c0e5339398eb9607666d83848840c8c1553a80/pytest_isort-4.0.0-py3-none-any.whl", hash = "sha256:14bb3281bab587d6beb53129481e8885232249ec5cfeaf5d903a561ff0589620", size = 6899, upload-time = "2024-03-05T08:44:36.281Z" },
]

[[package]]
name = "pytest-mock"
version = "3.14.0"
source = { registry = "https://pypi.org/simple" }
dependencies = [
    { name = "pytest" },
]
sdist = { url = "https://files.pythonhosted.org/packages/c6/90/a955c3ab35ccd41ad4de556596fa86685bf4fc5ffcc62d22d856cfd4e29a/pytest-mock-3.14.0.tar.gz", hash = "sha256:2719255a1efeceadbc056d6bf3df3d1c5015530fb40cf347c0f9afac88410bd0", size = 32814, upload-time = "2024-03-21T22:14:04.964Z" }
wheels = [
    { url = "https://files.pythonhosted.org/packages/f2/3b/b26f90f74e2986a82df6e7ac7e319b8ea7ccece1caec9f8ab6104dc70603/pytest_mock-3.14.0-py3-none-any.whl", hash = "sha256:0b72c38033392a5f4621342fe11e9219ac11ec9d375f8e2a0c164539e0d70f6f", size = 9863, upload-time = "2024-03-21T22:14:02.694Z" },
]

[[package]]
name = "pytest-pylint"
version = "0.21.0"
source = { registry = "https://pypi.org/simple" }
dependencies = [
    { name = "pylint" },
    { name = "pytest" },
]
sdist = { url = "https://files.pythonhosted.org/packages/a3/a2/760c54166210dbf7ba8b5dcf19b28d388c53569faa412809f6fb652aa588/pytest-pylint-0.21.0.tar.gz", hash = "sha256:88764b8e1d5cfa18809248e0ccc2fc05035f08c35f0b0222ddcfea1c3c4e553e", size = 14250, upload-time = "2023-10-06T04:15:29.249Z" }
wheels = [
    { url = "https://files.pythonhosted.org/packages/a7/4b/23f6ce5187eec09ae282f91d88f6b9e1d871fc89b839dcfd0b94e4591353/pytest_pylint-0.21.0-py3-none-any.whl", hash = "sha256:f10d9eaa72b9fbe624ee4b55da0481f56482eee0a467afc1ee3ae8b1fefbd0b4", size = 9781, upload-time = "2023-10-06T04:15:27.731Z" },
]

[[package]]
name = "pytest-xdist"
version = "3.5.0"
source = { registry = "https://pypi.org/simple" }
dependencies = [
    { name = "execnet" },
    { name = "pytest" },
]
sdist = { url = "https://files.pythonhosted.org/packages/b3/f4/ac9c4ccbc5984ebc3bef6dbdbcdaf553a1aae07c08e63b8b25a6239ecc45/pytest-xdist-3.5.0.tar.gz", hash = "sha256:cbb36f3d67e0c478baa57fa4edc8843887e0f6cfc42d677530a36d7472b32d8a", size = 78977, upload-time = "2023-11-21T15:21:15.305Z" }
wheels = [
    { url = "https://files.pythonhosted.org/packages/50/37/125fe5ec459321e2d48a0c38672cfc2419ad87d580196fd894e5f25230b0/pytest_xdist-3.5.0-py3-none-any.whl", hash = "sha256:d075629c7e00b611df89f490a5063944bee7a4362a5ff11c7cc7824a03dfce24", size = 42017, upload-time = "2023-11-21T15:21:13.278Z" },
]

[[package]]
name = "ruff"
version = "0.14.8"
source = { registry = "https://pypi.org/simple" }
sdist = { url = "https://files.pythonhosted.org/packages/ed/d9/f7a0c4b3a2bf2556cd5d99b05372c29980249ef71e8e32669ba77428c82c/ruff-0.14.8.tar.gz", hash = "sha256:774ed0dd87d6ce925e3b8496feb3a00ac564bea52b9feb551ecd17e0a23d1eed", size = 5765385, upload-time = "2025-12-04T15:06:17.669Z" }
wheels = [
    { url = "https://files.pythonhosted.org/packages/48/b8/9537b52010134b1d2b72870cc3f92d5fb759394094741b09ceccae183fbe/ruff-0.14.8-py3-none-linux_armv6l.whl", hash = "sha256:ec071e9c82eca417f6111fd39f7043acb53cd3fde9b1f95bbed745962e345afb", size = 13441540, upload-time = "2025-12-04T15:06:14.896Z" },
    { url = "https://files.pythonhosted.org/packages/24/00/99031684efb025829713682012b6dd37279b1f695ed1b01725f85fd94b38/ruff-0.14.8-py3-none-macosx_10_12_x86_64.whl", hash = "sha256:8cdb162a7159f4ca36ce980a18c43d8f036966e7f73f866ac8f493b75e0c27e9", size = 13669384, upload-time = "2025-12-04T15:06:51.809Z" },
    { url = "https://files.pythonhosted.org/packages/72/64/3eb5949169fc19c50c04f28ece2c189d3b6edd57e5b533649dae6ca484fe/ruff-0.14.8-py3-none-macosx_11_0_arm64.whl", hash = "sha256:2e2fcbefe91f9fad0916850edf0854530c15bd1926b6b779de47e9ab619ea38f", size = 12806917, upload-time = "2025-12-04T15:06:08.925Z" },
    { url = "https://files.pythonhosted.org/packages/c4/08/5250babb0b1b11910f470370ec0cbc67470231f7cdc033cee57d4976f941/ruff-0.14.8-py3-none-manylinux_2_17_aarch64.manylinux2014_aarch64.whl", hash = "sha256:a9d70721066a296f45786ec31916dc287b44040f553da21564de0ab4d45a869b", size = 13256112, upload-time = "2025-12-04T15:06:23.498Z" },
    { url = "https://files.pythonhosted.org/packages/78/4c/6c588e97a8e8c2d4b522c31a579e1df2b4d003eddfbe23d1f262b1a431ff/ruff-0.14.8-py3-none-manylinux_2_17_armv7l.manylinux2014_armv7l.whl", hash = "sha256:2c87e09b3cd9d126fc67a9ecd3b5b1d3ded2b9c7fce3f16e315346b9d05cfb52", size = 13227559, upload-time = "2025-12-04T15:06:33.432Z" },
    { url = "https://files.pythonhosted.org/packages/23/ce/5f78cea13eda8eceac71b5f6fa6e9223df9b87bb2c1891c166d1f0dce9f1/ruff-0.14.8-py3-none-manylinux_2_17_i686.manylinux2014_i686.whl", hash = "sha256:1d62cb310c4fbcb9ee4ac023fe17f984ae1e12b8a4a02e3d21489f9a2a5f730c", size = 13896379, upload-time = "2025-12-04T15:06:02.687Z" },
    { url = "https://files.pythonhosted.org/packages/cf/79/13de4517c4dadce9218a20035b21212a4c180e009507731f0d3b3f5df85a/ruff-0.14.8-py3-none-manylinux_2_17_ppc64.manylinux2014_ppc64.whl", hash = "sha256:1af35c2d62633d4da0521178e8a2641c636d2a7153da0bac1b30cfd4ccd91344", size = 15372786, upload-time = "2025-12-04T15:06:29.828Z" },
    { url = "https://files.pythonhosted.org/packages/00/06/33df72b3bb42be8a1c3815fd4fae83fa2945fc725a25d87ba3e42d1cc108/ruff-0.14.8-py3-none-manylinux_2_17_ppc64le.manylinux2014_ppc64le.whl", hash = "sha256:25add4575ffecc53d60eed3f24b1e934493631b48ebbc6ebaf9d8517924aca4b", size = 14990029, upload-time = "2025-12-04T15:06:36.812Z" },
    { url = "https://files.pythonhosted.org/packages/64/61/0f34927bd90925880394de0e081ce1afab66d7b3525336f5771dcf0cb46c/ruff-0.14.8-py3-none-manylinux_2_17_s390x.manylinux2014_s390x.whl", hash = "sha256:4c943d847b7f02f7db4201a0600ea7d244d8a404fbb639b439e987edcf2baf9a", size = 14407037, upload-time = "2025-12-04T15:06:39.979Z" },
    { url = "https://files.pythonhosted.org/packages/96/bc/058fe0aefc0fbf0d19614cb6d1a3e2c048f7dc77ca64957f33b12cfdc5ef/ruff-0.14.8-py3-none-manylinux_2_17_x86_64.manylinux2014_x86_64.whl", hash = "sha256:cb6e8bf7b4f627548daa1b69283dac5a296bfe9ce856703b03130732e20ddfe2", size = 14102390, upload-time = "2025-12-04T15:06:46.372Z" },
    { url = "https://files.pythonhosted.org/packages/af/a4/e4f77b02b804546f4c17e8b37a524c27012dd6ff05855d2243b49a7d3cb9/ruff-0.14.8-py3-none-manylinux_2_31_riscv64.whl", hash = "sha256:7aaf2974f378e6b01d1e257c6948207aec6a9b5ba53fab23d0182efb887a0e4a", size = 14230793, upload-time = "2025-12-04T15:06:20.497Z" },
    { url = "https://files.pythonhosted.org/packages/3f/52/bb8c02373f79552e8d087cedaffad76b8892033d2876c2498a2582f09dcf/ruff-0.14.8-py3-none-musllinux_1_2_aarch64.whl", hash = "sha256:e5758ca513c43ad8a4ef13f0f081f80f08008f410790f3611a21a92421ab045b", size = 13160039, upload-time = "2025-12-04T15:06:49.06Z" },
    { url = "https://files.pythonhosted.org/packages/1f/ad/b69d6962e477842e25c0b11622548df746290cc6d76f9e0f4ed7456c2c31/ruff-0.14.8-py3-none-musllinux_1_2_armv7l.whl", hash = "sha256:f74f7ba163b6e85a8d81a590363bf71618847e5078d90827749bfda1d88c9cdf", size = 13205158, upload-time = "2025-12-04T15:06:54.574Z" },
    { url = "https://files.pythonhosted.org/packages/06/63/54f23da1315c0b3dfc1bc03fbc34e10378918a20c0b0f086418734e57e74/ruff-0.14.8-py3-none-musllinux_1_2_i686.whl", hash = "sha256:eed28f6fafcc9591994c42254f5a5c5ca40e69a30721d2ab18bb0bb3baac3ab6", size = 13469550, upload-time = "2025-12-04T15:05:59.209Z" },
    { url = "https://files.pythonhosted.org/packages/70/7d/a4d7b1961e4903bc37fffb7ddcfaa7beb250f67d97cfd1ee1d5cddb1ec90/ruff-0.14.8-py3-none-musllinux_1_2_x86_64.whl", hash = "sha256:21d48fa744c9d1cb8d71eb0a740c4dd02751a5de9db9a730a8ef75ca34cf138e", size = 14211332, upload-time = "2025-12-04T15:06:06.027Z" },
    { url = "https://files.pythonhosted.org/packages/5d/93/2a5063341fa17054e5c86582136e9895db773e3c2ffb770dde50a09f35f0/ruff-0.14.8-py3-none-win32.whl", hash = "sha256:15f04cb45c051159baebb0f0037f404f1dc2f15a927418f29730f411a79bc4e7", size = 13151890, upload-time = "2025-12-04T15:06:11.668Z" },
    { url = "https://files.pythonhosted.org/packages/02/1c/65c61a0859c0add13a3e1cbb6024b42de587456a43006ca2d4fd3d1618fe/ruff-0.14.8-py3-none-win_amd64.whl", hash = "sha256:9eeb0b24242b5bbff3011409a739929f497f3fb5fe3b5698aba5e77e8c833097", size = 14537826, upload-time = "2025-12-04T15:06:26.409Z" },
    { url = "https://files.pythonhosted.org/packages/6d/63/8b41cea3afd7f58eb64ac9251668ee0073789a3bc9ac6f816c8c6fef986d/ruff-0.14.8-py3-none-win_arm64.whl", hash = "sha256:965a582c93c63fe715fd3e3f8aa37c4b776777203d8e1d8aa3cc0c14424a4b99", size = 13634522, upload-time = "2025-12-04T15:06:43.212Z" },
]

[[package]]
name = "sortedcontainers"
version = "2.4.0"
source = { registry = "https://pypi.org/simple" }
sdist = { url = "https://files.pythonhosted.org/packages/e8/c4/ba2f8066cceb6f23394729afe52f3bf7adec04bf9ed2c820b39e19299111/sortedcontainers-2.4.0.tar.gz", hash = "sha256:25caa5a06cc30b6b83d11423433f65d1f9d76c4c6a0c90e3379eaa43b9bfdb88", size = 30594, upload-time = "2021-05-16T22:03:42.897Z" }
wheels = [
    { url = "https://files.pythonhosted.org/packages/32/46/9cb0e58b2deb7f82b84065f37f3bffeb12413f947f9388e4cac22c4621ce/sortedcontainers-2.4.0-py2.py3-none-any.whl", hash = "sha256:a163dcaede0f1c021485e957a39245190e74249897e2ae4b2aa38595db237ee0", size = 29575, upload-time = "2021-05-16T22:03:41.177Z" },
]

[[package]]
name = "structlog"
version = "25.5.0"
source = { registry = "https://pypi.org/simple" }
sdist = { url = "https://files.pythonhosted.org/packages/ef/52/9ba0f43b686e7f3ddfeaa78ac3af750292662284b3661e91ad5494f21dbc/structlog-25.5.0.tar.gz", hash = "sha256:098522a3bebed9153d4570c6d0288abf80a031dfdb2048d59a49e9dc2190fc98", size = 1460830, upload-time = "2025-10-27T08:28:23.028Z" }
wheels = [
    { url = "https://files.pythonhosted.org/packages/a8/45/a132b9074aa18e799b891b91ad72133c98d8042c70f6240e4c5f9dabee2f/structlog-25.5.0-py3-none-any.whl", hash = "sha256:a8453e9b9e636ec59bd9e79bbd4a72f025981b3ba0f5837aebf48f02f37a7f9f", size = 72510, upload-time = "2025-10-27T08:28:21.535Z" },
]

[[package]]
name = "tenacity"
version = "9.1.4"
source = { registry = "https://pypi.org/simple" }
sdist = { url = "https://files.pythonhosted.org/packages/47/c6/ee486fd809e357697ee8a44d3d69222b344920433d3b6666ccd9b374630c/tenacity-9.1.4.tar.gz", hash = "sha256:adb31d4c263f2bd041081ab33b498309a57c77f9acf2db65aadf0898179cf93a", size = 49413, upload-time = "2026-02-07T10:45:33.841Z" }
wheels = [
    { url = "https://files.pythonhosted.org/packages/d7/c1/eb8f9debc45d3b7918a32ab756658a0904732f75e555402972246b0b8e71/tenacity-9.1.4-py3-none-any.whl", hash = "sha256:6095a360c919085f28c6527de529e76a06ad89b23659fa881ae0649b867a9d55", size = 28926, upload-time = "2026-02-07T10:45:32.24Z" },
]

[[package]]
name = "tomlkit"
version = "0.14.0"
source = { registry = "https://pypi.org/simple" }
sdist = { url = "https://files.pythonhosted.org/packages/c3/af/14b24e41977adb296d6bd1fb59402cf7d60ce364f90c890bd2ec65c43b5a/tomlkit-0.14.0.tar.gz", hash = "sha256:cf00efca415dbd57575befb1f6634c4f42d2d87dbba376128adb42c121b87064", size = 187167, upload-time = "2026-01-13T01:14:53.304Z" }
wheels = [
    { url = "https://files.pythonhosted.org/packages/b5/11/87d6d29fb5d237229d67973a6c9e06e048f01cf4994dee194ab0ea841814/tomlkit-0.14.0-py3-none-any.whl", hash = "sha256:592064ed85b40fa213469f81ac584f67a4f2992509a7c3ea2d632208623a3680", size = 39310, upload-time = "2026-01-13T01:14:51.965Z" },
]

[[package]]
name = "zinc"
source = { editable = "." }
dependencies = [
    { name = "antlr4-python3-runtime" },
    { name = "click" },
    { name = "colorama" },
    { name = "pytest" },
    { name = "sortedcontainers" },
    { name = "structlog" },
]

[package.optional-dependencies]
dev = [
    { name = "isort" },
    { name = "mock" },
    { name = "plotly" },
    { name = "pylint" },
    { name = "pytest" },
    { name = "pytest-cov" },
    { name = "pytest-isort" },
    { name = "pytest-mock" },
    { name = "pytest-pylint" },
    { name = "pytest-xdist" },
    { name = "ruff" },
]

[package.metadata]
requires-dist = [
    { name = "antlr4-python3-runtime", specifier = "==4.13.2" },
    { name = "click", specifier = "==8.1.0" },
    { name = "colorama", specifier = "==0.4.6" },
    { name = "isort", marker = "extra == 'dev'", specifier = "==5.13.2" },
    { name = "mock", marker = "extra == 'dev'", specifier = "==5.1.0" },
    { name = "plotly", marker = "extra == 'dev'", specifier = "==5.23.0" },
    { name = "pylint", marker = "extra == 'dev'", specifier = "==3.1.0" },
    { name = "pytest", specifier = ">=8.1.1" },
    { name = "pytest", marker = "extra == 'dev'", specifier = "==8.1.1" },
    { name = "pytest-cov", marker = "extra == 'dev'", specifier = "==4.1.0" },
    { name = "pytest-isort", marker = "extra == 'dev'", specifier = "==4.0.0" },
    { name = "pytest-mock", marker = "extra == 'dev'", specifier = "==3.14.0" },
    { name = "pytest-pylint", marker = "extra == 'dev'", specifier = "==0.21.0" },
    { name = "pytest-xdist", marker = "extra == 'dev'", specifier = "==3.5.0" },
    { name = "ruff", marker = "extra == 'dev'", specifier = "==0.14.8" },
    { name = "sortedcontainers", specifier = "==2.4.0" },
    { name = "structlog", specifier = ">=24.1.0" },
]
provides-extras = ["dev"]
